
Microsoft Visual Studio Solution File, Format Version 12.00
# Visual Studio Version 17
VisualStudioVersion = 17.6.33723.286
MinimumVisualStudioVersion = 10.0.40219.1
Project("{9A19103F-16F7-4668-BE54-9A1E7A4F7556}") = "Plus Minus", "Plus Minus.csproj", "{C265ADA2-CD3D-40CE-BF2B-34C79CC2C891}"
EndProject
Global
	GlobalSection(SolutionConfigurationPlatforms) = preSolution
		Debug|Any CPU = Debug|Any CPU
		Release|Any CPU = Release|Any CPU
	EndGlobalSection
	GlobalSection(ProjectConfigurationPlatforms) = postSolution
		{C265ADA2-CD3D-40CE-BF2B-34C79CC2C891}.Debug|Any CPU.ActiveCfg = Debug|Any CPU
		{C265ADA2-CD3D-40CE-BF2B-34C79CC2C891}.Debug|Any CPU.Build.0 = Debug|Any CPU
		{C265ADA2-CD3D-40CE-BF2B-34C79CC2C891}.Release|Any CPU.ActiveCfg = Release|Any CPU
		{C265ADA2-CD3D-40CE-BF2B-34C79CC2C891}.Release|Any CPU.Build.0 = Release|Any CPU
	EndGlobalSection
	GlobalSection(SolutionProperties) = preSolution
		HideSolutionNode = FALSE
	EndGlobalSection
	GlobalSection(ExtensibilityGlobals) = postSolution
		SolutionGuid = {0F87F28E-C2B0-425E-B666-E50941269E87}
	EndGlobalSection
EndGlobal
